PODS:
  - Alamofire (4.8.1)
  - AnimatedMaskLabel (1.0.1)
  - Google-Mobile-Ads-SDK (7.42.0):
    - GoogleAppMeasurement (~> 5.7)
  - GoogleAppMeasurement (5.8.0):
    - GoogleUtilities/AppDelegateSwizzler (~> 5.2)
    - GoogleUtilities/MethodSwizzler (~> 5.2)
    - GoogleUtilities/Network (~> 5.2)
    - "GoogleUtilities/NSData+zlib (~> 5.2)"
    - nanopb (~> 0.3)
  - GoogleUtilities/AppDelegateSwizzler (5.5.0):
    - GoogleUtilities/Environment
    - GoogleUtilities/Logger
    - GoogleUtilities/Network
  - GoogleUtilities/Environment (5.5.0)
  - GoogleUtilities/Logger (5.5.0):
    - GoogleUtilities/Environment
  - GoogleUtilities/MethodSwizzler (5.5.0):
    - GoogleUtilities/Logger
  - GoogleUtilities/Network (5.5.0):
    - GoogleUtilities/Logger
    - "GoogleUtilities/NSData+zlib"
    - GoogleUtilities/Reachability
  - "GoogleUtilities/NSData+zlib (5.5.0)"
  - GoogleUtilities/Reachability (5.5.0):
    - GoogleUtilities/Logger
  - KRActivityIndicatorView (3.0.0)
  - KRProgressHUD (3.4.0):
    - KRActivityIndicatorView (= 3.0.0)
  - nanopb (0.3.901):
    - nanopb/decode (= 0.3.901)
    - nanopb/encode (= 0.3.901)
  - nanopb/decode (0.3.901)
  - nanopb/encode (0.3.901)
  - RSKImageCropper (2.2.1)
  - SwiftyJSON (4.2.0)

DEPENDENCIES:
  - Alamofire
  - AnimatedMaskLabel
  - Google-Mobile-Ads-SDK
  - KRActivityIndicatorView
  - KRProgressHUD
  - RSKImageCropper
  - SwiftyJSON (~> 4.0)

SPEC REPOS:
  https://github.com/cocoapods/specs.git:
    - Alamofire
    - AnimatedMaskLabel
    - Google-Mobile-Ads-SDK
    - GoogleAppMeasurement
    - GoogleUtilities
    - KRActivityIndicatorView
    - KRProgressHUD
    - nanopb
    - RSKImageCropper
    - SwiftyJSON

SPEC CHECKSUMS:
  Alamofire: 16ce2c353fb72865124ddae8a57c5942388f4f11
  AnimatedMaskLabel: 995f1cdcae80700be58126d70e0fe05619d86b77
  Google-Mobile-Ads-SDK: c7bec408202526ec4e9ccd025c00f9f30e9f8807
  GoogleAppMeasurement: 1624046ab1bcc5e170061a56ef5679000b079c8e
  GoogleUtilities: 6481e6318c5fcabaaa8513ef8120f329055d7c10
  KRActivityIndicatorView: c414000730a6f4969eeb354bee4f2aebc89c2c2e
  KRProgressHUD: 79c8703f82179fe34b3602f10b30726f887983fa
  nanopb: 2901f78ea1b7b4015c860c2fdd1ea2fee1a18d48
  RSKImageCropper: 98296ad26b41753f796b6898d015509598f13d97
  SwiftyJSON: c4bcba26dd9ec7a027fc8eade48e2c911f229e96

PODFILE CHECKSUM: 84e6a68117da1abbd2870622c9d2974f8f3b47da

COCOAPODS: 1.5.3
